
Microsoft Visual Studio Solution File, Format Version 12.00
# Visual Studio 2017
Project("{FAE04EC0-301F-11D3-BF4B-00C04F79EFBC}") = "FM", "FM.csproj", "{CBDFCC4E-37F8-7392-4E7F-84C4FAE2B1C5}"
EndProject
Project("{FAE04EC0-301F-11D3-BF4B-00C04F79EFBC}") = "FM.Editor", "FM.Editor.csproj", "{B633604C-EDE6-5728-53B6-1845A2B33927}"
EndProject
Global
	GlobalSection(SolutionConfigurationPlatforms) = preSolution
		Debug|Any CPU = Debug|Any CPU
		Release|Any CPU = Release|Any CPU
	EndGlobalSection
	GlobalSection(ProjectConfigurationPlatforms) = postSolution
		{CBDFCC4E-37F8-7392-4E7F-84C4FAE2B1C5}.Debug|Any CPU.ActiveCfg = Debug|Any CPU
		{CBDFCC4E-37F8-7392-4E7F-84C4FAE2B1C5}.Debug|Any CPU.Build.0 = Debug|Any CPU
		{CBDFCC4E-37F8-7392-4E7F-84C4FAE2B1C5}.Release|Any CPU.ActiveCfg = Release|Any CPU
		{CBDFCC4E-37F8-7392-4E7F-84C4FAE2B1C5}.Release|Any CPU.Build.0 = Release|Any CPU
		{B633604C-EDE6-5728-53B6-1845A2B33927}.Debug|Any CPU.ActiveCfg = Debug|Any CPU
		{B633604C-EDE6-5728-53B6-1845A2B33927}.Debug|Any CPU.Build.0 = Debug|Any CPU
		{B633604C-EDE6-5728-53B6-1845A2B33927}.Release|Any CPU.ActiveCfg = Release|Any CPU
		{B633604C-EDE6-5728-53B6-1845A2B33927}.Release|Any CPU.Build.0 = Release|Any CPU
	EndGlobalSection
	GlobalSection(SolutionProperties) = preSolution
		HideSolutionNode = FALSE
	EndGlobalSection
EndGlobal
